// !$*UTF8*$!
{
	archiveVersion = 1;
	classes = {
	};
	objectVersion = 46;
	objects = {

/* Begin PBXBuildFile section */
		30087A1A1B5D7E7300BA6839 /* SFlatButton.swift in Sources */ = {isa = PBXBuildFile; fileRef = 30087A191B5D7E7300BA6839 /* SFlatButton.swift */; };
		30087A251B5D81FD00BA6839 /* ALView+PureLayout.m in Sources */ = {isa = PBXBuildFile; fileRef = 30087A1D1B5D81FD00BA6839 /* ALView+PureLayout.m */; };
		30087A261B5D81FD00BA6839 /* NSArray+PureLayout.m in Sources */ = {isa = PBXBuildFile; fileRef = 30087A1F1B5D81FD00BA6839 /* NSArray+PureLayout.m */; };
		30087A271B5D81FD00BA6839 /* NSLayoutConstraint+PureLayout.m in Sources */ = {isa = PBXBuildFile; fileRef = 30087A211B5D81FD00BA6839 /* NSLayoutConstraint+PureLayout.m */; };
		301A4D821B3B2316003F972C /* AppDelegate.swift in Sources */ = {isa = PBXBuildFile; fileRef = 301A4D811B3B2316003F972C /* AppDelegate.swift */; };
		301A4D841B3B2316003F972C /* ViewController.swift in Sources */ = {isa = PBXBuildFile; fileRef = 301A4D831B3B2316003F972C /* ViewController.swift */; };
		301A4D871B3B2316003F972C /* Main.storyboard in Resources */ = {isa = PBXBuildFile; fileRef = 301A4D851B3B2316003F972C /* Main.storyboard */; };
		301A4D891B3B2317003F972C /* Assets.xcassets in Resources */ = {isa = PBXBuildFile; fileRef = 301A4D881B3B2317003F972C /* Assets.xcassets */; };
		301A4D8C1B3B2317003F972C /* LaunchScreen.storyboard in Resources */ = {isa = PBXBuildFile; fileRef = 301A4D8A1B3B2317003F972C /* LaunchScreen.storyboard */; };
		301A4D971B3B2317003F972C /* MyMedsPlanForiPhoneTests.swift in Sources */ = {isa = PBXBuildFile; fileRef = 301A4D961B3B2317003F972C /* MyMedsPlanForiPhoneTests.swift */; };
		301A4DA21B3B2318003F972C /* MyMedsPlanForiPhoneUITests.swift in Sources */ = {isa = PBXBuildFile; fileRef = 301A4DA11B3B2318003F972C /* MyMedsPlanForiPhoneUITests.swift */; };
		302CA55D1B4D9FD4005F4286 /* PlanTableViewCell.xib in Resources */ = {isa = PBXBuildFile; fileRef = 302CA55C1B4D9FD4005F4286 /* PlanTableViewCell.xib */; };
		308D4BAB1B79F870006E9932 /* AbstractActionSheetPicker.m in Sources */ = {isa = PBXBuildFile; fileRef = 308D4B981B79F870006E9932 /* AbstractActionSheetPicker.m */; };
		308D4BAC1B79F870006E9932 /* ActionSheetCustomPicker.m in Sources */ = {isa = PBXBuildFile; fileRef = 308D4B9A1B79F870006E9932 /* ActionSheetCustomPicker.m */; };
		308D4BAD1B79F870006E9932 /* ActionSheetDatePicker.m in Sources */ = {isa = PBXBuildFile; fileRef = 308D4B9D1B79F870006E9932 /* ActionSheetDatePicker.m */; };
		308D4BAE1B79F870006E9932 /* ActionSheetDistancePicker.m in Sources */ = {isa = PBXBuildFile; fileRef = 308D4B9F1B79F870006E9932 /* ActionSheetDistancePicker.m */; };
		308D4BAF1B79F870006E9932 /* ActionSheetLocalePicker.m in Sources */ = {isa = PBXBuildFile; fileRef = 308D4BA11B79F870006E9932 /* ActionSheetLocalePicker.m */; };
		308D4BB01B79F870006E9932 /* ActionSheetMultipleStringPicker.m in Sources */ = {isa = PBXBuildFile; fileRef = 308D4BA31B79F870006E9932 /* ActionSheetMultipleStringPicker.m */; };
		308D4BB11B79F870006E9932 /* ActionSheetStringPicker.m in Sources */ = {isa = PBXBuildFile; fileRef = 308D4BA61B79F870006E9932 /* ActionSheetStringPicker.m */; };
		308D4BB21B79F870006E9932 /* DistancePickerView.m in Sources */ = {isa = PBXBuildFile; fileRef = 308D4BA81B79F870006E9932 /* DistancePickerView.m */; };
		308D4BB31B79F870006E9932 /* SWActionSheet.m in Sources */ = {isa = PBXBuildFile; fileRef = 308D4BAA1B79F870006E9932 /* SWActionSheet.m */; };
		30A24E831B45B1B9007596FB /* PlanTableViewCell.swift in Sources */ = {isa = PBXBuildFile; fileRef = 30A24E821B45B1B9007596FB /* PlanTableViewCell.swift */; };
		30A24E911B45ED22007596FB /* UIColorExtensions.swift in Sources */ = {isa = PBXBuildFile; fileRef = 30A24E901B45ED22007596FB /* UIColorExtensions.swift */; };
		30ABA5151B4ED5F3001B6201 /* File.m in Sources */ = {isa = PBXBuildFile; fileRef = 30ABA5141B4ED5F3001B6201 /* File.m */; };
		30ABA5261B4EE750001B6201 /* ZGCountDownTimer.m in Sources */ = {isa = PBXBuildFile; fileRef = 30ABA5251B4EE750001B6201 /* ZGCountDownTimer.m */; };
		30CABEAD1B79058300D8CCFE /* BButton.m in Sources */ = {isa = PBXBuildFile; fileRef = 30CABEA81B79058300D8CCFE /* BButton.m */; };
		30CABEAE1B79058300D8CCFE /* NSString+FontAwesome.m in Sources */ = {isa = PBXBuildFile; fileRef = 30CABEAA1B79058300D8CCFE /* NSString+FontAwesome.m */; };
		30CABEAF1B79058300D8CCFE /* UIColor+BButton.m in Sources */ = {isa = PBXBuildFile; fileRef = 30CABEAC1B79058300D8CCFE /* UIColor+BButton.m */; };
		30CABEB21B79059C00D8CCFE /* FontAwesome.ttf in Resources */ = {isa = PBXBuildFile; fileRef = 30CABEB11B79059C00D8CCFE /* FontAwesome.ttf */; };
		30CABF491B79C79C00D8CCFE /* MagicalImportFunctions.m in Sources */ = {isa = PBXBuildFile; fileRef = 30CABF101B79C79C00D8CCFE /* MagicalImportFunctions.m */; };
		30CABF4A1B79C79C00D8CCFE /* MagicalRecord+Actions.m in Sources */ = {isa = PBXBuildFile; fileRef = 30CABF131B79C79C00D8CCFE /* MagicalRecord+Actions.m */; };
		30CABF4B1B79C79C00D8CCFE /* MagicalRecord+ErrorHandling.m in Sources */ = {isa = PBXBuildFile; fileRef = 30CABF151B79C79C00D8CCFE /* MagicalRecord+ErrorHandling.m */; };
		30CABF4C1B79C79C00D8CCFE /* MagicalRecord+iCloud.m in Sources */ = {isa = PBXBuildFile; fileRef = 30CABF171B79C79C00D8CCFE /* MagicalRecord+iCloud.m */; };
		30CABF4D1B79C79C00D8CCFE /* MagicalRecord+Options.m in Sources */ = {isa = PBXBuildFile; fileRef = 30CABF191B79C79C00D8CCFE /* MagicalRecord+Options.m */; };
		30CABF4E1B79C79C00D8CCFE /* MagicalRecord+Setup.m in Sources */ = {isa = PBXBuildFile; fileRef = 30CABF1B1B79C79C00D8CCFE /* MagicalRecord+Setup.m */; };
		30CABF4F1B79C79C00D8CCFE /* MagicalRecord+ShorthandMethods.m in Sources */ = {isa = PBXBuildFile; fileRef = 30CABF1D1B79C79C00D8CCFE /* MagicalRecord+ShorthandMethods.m */; };
		30CABF501B79C79C00D8CCFE /* MagicalRecordInternal.m in Sources */ = {isa = PBXBuildFile; fileRef = 30CABF201B79C79C00D8CCFE /* MagicalRecordInternal.m */; };
		30CABF511B79C79C00D8CCFE /* NSAttributeDescription+MagicalDataImport.m in Sources */ = {isa = PBXBuildFile; fileRef = 30CABF241B79C79C00D8CCFE /* NSAttributeDescription+MagicalDataImport.m */; };
		30CABF521B79C79C00D8CCFE /* NSEntityDescription+MagicalDataImport.m in Sources */ = {isa = PBXBuildFile; fileRef = 30CABF261B79C79C00D8CCFE /* NSEntityDescription+MagicalDataImport.m */; };
		30CABF531B79C79C00D8CCFE /* NSManagedObject+MagicalAggregation.m in Sources */ = {isa = PBXBuildFile; fileRef = 30CABF281B79C79C00D8CCFE /* NSManagedObject+MagicalAggregation.m */; };
		30CABF541B79C79C00D8CCFE /* NSManagedObject+MagicalDataImport.m in Sources */ = {isa = PBXBuildFile; fileRef = 30CABF2A1B79C79C00D8CCFE /* NSManagedObject+MagicalDataImport.m */; };
		30CABF551B79C79C00D8CCFE /* NSManagedObject+MagicalFinders.m in Sources */ = {isa = PBXBuildFile; fileRef = 30CABF2C1B79C79C00D8CCFE /* NSManagedObject+MagicalFinders.m */; };
		30CABF561B79C79C00D8CCFE /* NSManagedObject+MagicalRecord.m in Sources */ = {isa = PBXBuildFile; fileRef = 30CABF2E1B79C79C00D8CCFE /* NSManagedObject+MagicalRecord.m */; };
		30CABF571B79C79C00D8CCFE /* NSManagedObject+MagicalRequests.m in Sources */ = {isa = PBXBuildFile; fileRef = 30CABF301B79C79C00D8CCFE /* NSManagedObject+MagicalRequests.m */; };
		30CABF581B79C79C00D8CCFE /* NSManagedObjectContext+MagicalChainSave.m in Sources */ = {isa = PBXBuildFile; fileRef = 30CABF321B79C79C00D8CCFE /* NSManagedObjectContext+MagicalChainSave.m */; };
		30CABF591B79C79C00D8CCFE /* NSManagedObjectContext+MagicalObserving.m in Sources */ = {isa = PBXBuildFile; fileRef = 30CABF341B79C79C00D8CCFE /* NSManagedObjectContext+MagicalObserving.m */; };
		30CABF5A1B79C79C00D8CCFE /* NSManagedObjectContext+MagicalRecord.m in Sources */ = {isa = PBXBuildFile; fileRef = 30CABF361B79C79C00D8CCFE /* NSManagedObjectContext+MagicalRecord.m */; };
		30CABF5B1B79C79C00D8CCFE /* NSManagedObjectContext+MagicalSaves.m in Sources */ = {isa = PBXBuildFile; fileRef = 30CABF381B79C79C00D8CCFE /* NSManagedObjectContext+MagicalSaves.m */; };
		30CABF5C1B79C79C00D8CCFE /* NSManagedObjectContext+MagicalThreading.m in Sources */ = {isa = PBXBuildFile; fileRef = 30CABF3A1B79C79C00D8CCFE /* NSManagedObjectContext+MagicalThreading.m */; };
		30CABF5D1B79C79C00D8CCFE /* NSManagedObjectModel+MagicalRecord.m in Sources */ = {isa = PBXBuildFile; fileRef = 30CABF3C1B79C79C00D8CCFE /* NSManagedObjectModel+MagicalRecord.m */; };
		30CABF5E1B79C79C00D8CCFE /* NSNumber+MagicalDataImport.m in Sources */ = {isa = PBXBuildFile; fileRef = 30CABF3E1B79C79C00D8CCFE /* NSNumber+MagicalDataImport.m */; };
		30CABF5F1B79C79C00D8CCFE /* NSObject+MagicalDataImport.m in Sources */ = {isa = PBXBuildFile; fileRef = 30CABF401B79C79C00D8CCFE /* NSObject+MagicalDataImport.m */; };
		30CABF601B79C79C00D8CCFE /* NSPersistentStore+MagicalRecord.m in Sources */ = {isa = PBXBuildFile; fileRef = 30CABF421B79C79C00D8CCFE /* NSPersistentStore+MagicalRecord.m */; };
		30CABF611B79C79C00D8CCFE /* NSPersistentStoreCoordinator+MagicalRecord.m in Sources */ = {isa = PBXBuildFile; fileRef = 30CABF441B79C79C00D8CCFE /* NSPersistentStoreCoordinator+MagicalRecord.m */; };
		30CABF621B79C79C00D8CCFE /* NSRelationshipDescription+MagicalDataImport.m in Sources */ = {isa = PBXBuildFile; fileRef = 30CABF461B79C79C00D8CCFE /* NSRelationshipDescription+MagicalDataImport.m */; };
		30CABF631B79C79C00D8CCFE /* NSString+MagicalDataImport.m in Sources */ = {isa = PBXBuildFile; fileRef = 30CABF481B79C79C00D8CCFE /* NSString+MagicalDataImport.m */; };
		30D4A4191B73B79A0059F98A /* (null) in Embed Frameworks */ = {isa = PBXBuildFile; settings = {ATTRIBUTES = (CodeSignOnCopy, RemoveHeadersOnCopy, ); }; };
		30D4A4271B73CC610059F98A /* AddMedicineViewController.swift in Sources */ = {isa = PBXBuildFile; fileRef = 30D4A4261B73CC610059F98A /* AddMedicineViewController.swift */; };
		30D4A42B1B73CE2D0059F98A /* Plan.swift in Sources */ = {isa = PBXBuildFile; fileRef = 30D4A4291B73CE2D0059F98A /* Plan.swift */; };
		30E2F9021B72A400002D94A4 /* My_Meds_Plan_Model.xcdatamodeld in Sources */ = {isa = PBXBuildFile; fileRef = 30E2F9001B72A400002D94A4 /* My_Meds_Plan_Model.xcdatamodeld */; };
/* End PBXBuildFile section */

/* Begin PBXContainerItemProxy section */
		301A4D931B3B2317003F972C /* PBXContainerItemProxy */ = {
			isa = PBXContainerItemProxy;
			containerPortal = 301A4D761B3B2314003F972C /* Project object */;
			proxyType = 1;
			remoteGlobalIDString = 301A4D7D1B3B2315003F972C;
			remoteInfo = MyMedsPlanForiPhone;
		};
		301A4D9E1B3B2318003F972C /* PBXContainerItemProxy */ = {
			isa = PBXContainerItemProxy;
			containerPortal = 301A4D761B3B2314003F972C /* Project object */;
			proxyType = 1;
			remoteGlobalIDString = 301A4D7D1B3B2315003F972C;
			remoteInfo = MyMedsPlanForiPhone;
		};
/* End PBXContainerItemProxy section */

/* Begin PBXCopyFilesBuildPhase section */
		30D4A41A1B73B79A0059F98A /* Embed Frameworks */ = {
			isa = PBXCopyFilesBuildPhase;
			buildActionMask = 2147483647;
			dstPath = "";
			dstSubfolderSpec = 10;
			files = (
				30D4A4191B73B79A0059F98A /* (null) in Embed Frameworks */,
			);
			name = "Embed Frameworks";
			runOnlyForDeploymentPostprocessing = 0;
		};
/* End PBXCopyFilesBuildPhase section */

/* Begin PBXFileReference section */
		30087A191B5D7E7300BA6839 /* SFlatButton.swift */ = {isa = PBXFileReference; fileEncoding = 4; lastKnownFileType = sourcecode.swift; name = SFlatButton.swift; path = MyMedsPlanForiPhone/SFlatButton/SFlatButton.swift; sourceTree = "<group>"; };
		30087A1C1B5D81FD00BA6839 /* ALView+PureLayout.h */ = {isa = PBXFileReference; fileEncoding = 4; lastKnownFileType = sourcecode.c.h; name = "ALView+PureLayout.h"; path = "MyMedsPlanForiPhone/PureLayout/ALView+PureLayout.h"; sourceTree = "<group>"; };
		30087A1D1B5D81FD00BA6839 /* ALView+PureLayout.m */ = {isa = PBXFileReference; fileEncoding = 4; lastKnownFileType = sourcecode.c.objc; name = "ALView+PureLayout.m"; path = "MyMedsPlanForiPhone/PureLayout/ALView+PureLayout.m"; sourceTree = "<group>"; };
		30087A1E1B5D81FD00BA6839 /* NSArray+PureLayout.h */ = {isa = PBXFileReference; fileEncoding = 4; lastKnownFileType = sourcecode.c.h; name = "NSArray+PureLayout.h"; path = "MyMedsPlanForiPhone/PureLayout/NSArray+PureLayout.h"; sourceTree = "<group>"; };
		30087A1F1B5D81FD00BA6839 /* NSArray+PureLayout.m */ = {isa = PBXFileReference; fileEncoding = 4; lastKnownFileType = sourcecode.c.objc; name = "NSArray+PureLayout.m"; path = "MyMedsPlanForiPhone/PureLayout/NSArray+PureLayout.m"; sourceTree = "<group>"; };
		30087A201B5D81FD00BA6839 /* NSLayoutConstraint+PureLayout.h */ = {isa = PBXFileReference; fileEncoding = 4; lastKnownFileType = sourcecode.c.h; name = "NSLayoutConstraint+PureLayout.h"; path = "MyMedsPlanForiPhone/PureLayout/NSLayoutConstraint+PureLayout.h"; sourceTree = "<group>"; };
		30087A211B5D81FD00BA6839 /* NSLayoutConstraint+PureLayout.m */ = {isa = PBXFileReference; fileEncoding = 4; lastKnownFileType = sourcecode.c.objc; name = "NSLayoutConstraint+PureLayout.m"; path = "MyMedsPlanForiPhone/PureLayout/NSLayoutConstraint+PureLayout.m"; sourceTree = "<group>"; };
		30087A221B5D81FD00BA6839 /* PureLayout.h */ = {isa = PBXFileReference; fileEncoding = 4; lastKnownFileType = sourcecode.c.h; name = PureLayout.h; path = MyMedsPlanForiPhone/PureLayout/PureLayout.h; sourceTree = "<group>"; };
		30087A231B5D81FD00BA6839 /* PureLayout+Internal.h */ = {isa = PBXFileReference; fileEncoding = 4; lastKnownFileType = sourcecode.c.h; name = "PureLayout+Internal.h"; path = "MyMedsPlanForiPhone/PureLayout/PureLayout+Internal.h"; sourceTree = "<group>"; };
		30087A241B5D81FD00BA6839 /* PureLayoutDefines.h */ = {isa = PBXFileReference; fileEncoding = 4; lastKnownFileType = sourcecode.c.h; name = PureLayoutDefines.h; path = MyMedsPlanForiPhone/PureLayout/PureLayoutDefines.h; sourceTree = "<group>"; };
		301A4D7E1B3B2315003F972C /* MyMedsPlanForiPhone.app */ = {isa = PBXFileReference; explicitFileType = wrapper.application; includeInIndex = 0; path = MyMedsPlanForiPhone.app; sourceTree = BUILT_PRODUCTS_DIR; };
		301A4D811B3B2316003F972C /* AppDelegate.swift */ = {isa = PBXFileReference; lastKnownFileType = sourcecode.swift; path = AppDelegate.swift; sourceTree = "<group>"; };
		301A4D831B3B2316003F972C /* ViewController.swift */ = {isa = PBXFileReference; lastKnownFileType = sourcecode.swift; path = ViewController.swift; sourceTree = "<group>"; };
		301A4D861B3B2316003F972C /* Base */ = {isa = PBXFileReference; lastKnownFileType = file.storyboard; name = Base; path = Base.lproj/Main.storyboard; sourceTree = "<group>"; };
		301A4D881B3B2317003F972C /* Assets.xcassets */ = {isa = PBXFileReference; lastKnownFileType = folder.assetcatalog; path = Assets.xcassets; sourceTree = "<group>"; };
		301A4D8B1B3B2317003F972C /* Base */ = {isa = PBXFileReference; lastKnownFileType = file.storyboard; name = Base; path = Base.lproj/LaunchScreen.storyboard; sourceTree = "<group>"; };
		301A4D8D1B3B2317003F972C /* Info.plist */ = {isa = PBXFileReference; lastKnownFileType = text.plist.xml; path = Info.plist; sourceTree = "<group>"; };
		301A4D921B3B2317003F972C /* MyMedsPlanForiPhoneTests.xctest */ = {isa = PBXFileReference; explicitFileType = wrapper.cfbundle; includeInIndex = 0; path = MyMedsPlanForiPhoneTests.xctest; sourceTree = BUILT_PRODUCTS_DIR; };
		301A4D961B3B2317003F972C /* MyMedsPlanForiPhoneTests.swift */ = {isa = PBXFileReference; lastKnownFileType = sourcecode.swift; path = MyMedsPlanForiPhoneTests.swift; sourceTree = "<group>"; };
		301A4D981B3B2317003F972C /* Info.plist */ = {isa = PBXFileReference; lastKnownFileType = text.plist.xml; path = Info.plist; sourceTree = "<group>"; };
		301A4D9D1B3B2318003F972C /* MyMedsPlanForiPhoneUITests.xctest */ = {isa = PBXFileReference; explicitFileType = wrapper.cfbundle; includeInIndex = 0; path = MyMedsPlanForiPhoneUITests.xctest; sourceTree = BUILT_PRODUCTS_DIR; };
		301A4DA11B3B2318003F972C /* MyMedsPlanForiPhoneUITests.swift */ = {isa = PBXFileReference; lastKnownFileType = sourcecode.swift; path = MyMedsPlanForiPhoneUITests.swift; sourceTree = "<group>"; };
		301A4DA31B3B2318003F972C /* Info.plist */ = {isa = PBXFileReference; lastKnownFileType = text.plist.xml; path = Info.plist; sourceTree = "<group>"; };
		302CA55C1B4D9FD4005F4286 /* PlanTableViewCell.xib */ = {isa = PBXFileReference; fileEncoding = 4; lastKnownFileType = file.xib; path = PlanTableViewCell.xib; sourceTree = "<group>"; };
		308D4B971B79F870006E9932 /* AbstractActionSheetPicker.h */ = {isa = PBXFileReference; fileEncoding = 4; lastKnownFileType = sourcecode.c.h; name = AbstractActionSheetPicker.h; path = MyMedsPlanForiPhone/Pickers/AbstractActionSheetPicker.h; sourceTree = "<group>"; };
		308D4B981B79F870006E9932 /* AbstractActionSheetPicker.m */ = {isa = PBXFileReference; fileEncoding = 4; lastKnownFileType = sourcecode.c.objc; name = AbstractActionSheetPicker.m; path = MyMedsPlanForiPhone/Pickers/AbstractActionSheetPicker.m; sourceTree = "<group>"; };
		308D4B991B79F870006E9932 /* ActionSheetCustomPicker.h */ = {isa = PBXFileReference; fileEncoding = 4; lastKnownFileType = sourcecode.c.h; name = ActionSheetCustomPicker.h; path = MyMedsPlanForiPhone/Pickers/ActionSheetCustomPicker.h; sourceTree = "<group>"; };
		308D4B9A1B79F870006E9932 /* ActionSheetCustomPicker.m */ = {isa = PBXFileReference; fileEncoding = 4; lastKnownFileType = sourcecode.c.objc; name = ActionSheetCustomPicker.m; path = MyMedsPlanForiPhone/Pickers/ActionSheetCustomPicker.m; sourceTree = "<group>"; };
		308D4B9B1B79F870006E9932 /* ActionSheetCustomPickerDelegate.h */ = {isa = PBXFileReference; fileEncoding = 4; lastKnownFileType = sourcecode.c.h; name = ActionSheetCustomPickerDelegate.h; path = MyMedsPlanForiPhone/Pickers/ActionSheetCustomPickerDelegate.h; sourceTree = "<group>"; };
		308D4B9C1B79F870006E9932 /* ActionSheetDatePicker.h */ = {isa = PBXFileReference; fileEncoding = 4; lastKnownFileType = sourcecode.c.h; name = ActionSheetDatePicker.h; path = MyMedsPlanForiPhone/Pickers/ActionSheetDatePicker.h; sourceTree = "<group>"; };
		308D4B9D1B79F870006E9932 /* ActionSheetDatePicker.m */ = {isa = PBXFileReference; fileEncoding = 4; lastKnownFileType = sourcecode.c.objc; name = ActionSheetDatePicker.m; path = MyMedsPlanForiPhone/Pickers/ActionSheetDatePicker.m; sourceTree = "<group>"; };
		308D4B9E1B79F870006E9932 /* ActionSheetDistancePicker.h */ = {isa = PBXFileReference; fileEncoding = 4; lastKnownFileType = sourcecode.c.h; name = ActionSheetDistancePicker.h; path = MyMedsPlanForiPhone/Pickers/ActionSheetDistancePicker.h; sourceTree = "<group>"; };
		308D4B9F1B79F870006E9932 /* ActionSheetDistancePicker.m */ = {isa = PBXFileReference; fileEncoding = 4; lastKnownFileType = sourcecode.c.objc; name = ActionSheetDistancePicker.m; path = MyMedsPlanForiPhone/Pickers/ActionSheetDistancePicker.m; sourceTree = "<group>"; };
		308D4BA01B79F870006E9932 /* ActionSheetLocalePicker.h */ = {isa = PBXFileReference; fileEncoding = 4; lastKnownFileType = sourcecode.c.h; name = ActionSheetLocalePicker.h; path = MyMedsPlanForiPhone/Pickers/ActionSheetLocalePicker.h; sourceTree = "<group>"; };
		308D4BA11B79F870006E9932 /* ActionSheetLocalePicker.m */ = {isa = PBXFileReference; fileEncoding = 4; lastKnownFileType = sourcecode.c.objc; name = ActionSheetLocalePicker.m; path = MyMedsPlanForiPhone/Pickers/ActionSheetLocalePicker.m; sourceTree = "<group>"; };
		308D4BA21B79F870006E9932 /* ActionSheetMultipleStringPicker.h */ = {isa = PBXFileReference; fileEncoding = 4; lastKnownFileType = sourcecode.c.h; name = ActionSheetMultipleStringPicker.h; path = MyMedsPlanForiPhone/Pickers/ActionSheetMultipleStringPicker.h; sourceTree = "<group>"; };
		308D4BA31B79F870006E9932 /* ActionSheetMultipleStringPicker.m */ = {isa = PBXFileReference; fileEncoding = 4; lastKnownFileType = sourcecode.c.objc; name = ActionSheetMultipleStringPicker.m; path = MyMedsPlanForiPhone/Pickers/ActionSheetMultipleStringPicker.m; sourceTree = "<group>"; };
		308D4BA41B79F870006E9932 /* ActionSheetPicker.h */ = {isa = PBXFileReference; fileEncoding = 4; lastKnownFileType = sourcecode.c.h; name = ActionSheetPicker.h; path = MyMedsPlanForiPhone/Pickers/ActionSheetPicker.h; sourceTree = "<group>"; };
		308D4BA51B79F870006E9932 /* ActionSheetStringPicker.h */ = {isa = PBXFileReference; fileEncoding = 4; lastKnownFileType = sourcecode.c.h; name = ActionSheetStringPicker.h; path = MyMedsPlanForiPhone/Pickers/ActionSheetStringPicker.h; sourceTree = "<group>"; };
		308D4BA61B79F870006E9932 /* ActionSheetStringPicker.m */ = {isa = PBXFileReference; fileEncoding = 4; lastKnownFileType = sourcecode.c.objc; name = ActionSheetStringPicker.m; path = MyMedsPlanForiPhone/Pickers/ActionSheetStringPicker.m; sourceTree = "<group>"; };
		308D4BA71B79F870006E9932 /* DistancePickerView.h */ = {isa = PBXFileReference; fileEncoding = 4; lastKnownFileType = sourcecode.c.h; name = DistancePickerView.h; path = MyMedsPlanForiPhone/Pickers/DistancePickerView.h; sourceTree = "<group>"; };
		308D4BA81B79F870006E9932 /* DistancePickerView.m */ = {isa = PBXFileReference; fileEncoding = 4; lastKnownFileType = sourcecode.c.objc; name = DistancePickerView.m; path = MyMedsPlanForiPhone/Pickers/DistancePickerView.m; sourceTree = "<group>"; };
		308D4BA91B79F870006E9932 /* SWActionSheet.h */ = {isa = PBXFileReference; fileEncoding = 4; lastKnownFileType = sourcecode.c.h; name = SWActionSheet.h; path = MyMedsPlanForiPhone/Pickers/SWActionSheet.h; sourceTree = "<group>"; };
		308D4BAA1B79F870006E9932 /* SWActionSheet.m */ = {isa = PBXFileReference; fileEncoding = 4; lastKnownFileType = sourcecode.c.objc; name = SWActionSheet.m; path = MyMedsPlanForiPhone/Pickers/SWActionSheet.m; sourceTree = "<group>"; };
		30A24E821B45B1B9007596FB /* PlanTableViewCell.swift */ = {isa = PBXFileReference; fileEncoding = 4; lastKnownFileType = sourcecode.swift; path = PlanTableViewCell.swift; sourceTree = "<group>"; };
		30A24E901B45ED22007596FB /* UIColorExtensions.swift */ = {isa = PBXFileReference; fileEncoding = 4; lastKnownFileType = sourcecode.swift; path = UIColorExtensions.swift; sourceTree = "<group>"; };
		30ABA5141B4ED5F3001B6201 /* File.m */ = {isa = PBXFileReference; fileEncoding = 4; lastKnownFileType = sourcecode.c.objc; path = File.m; sourceTree = "<group>"; };
		30ABA51A1B4EDE62001B6201 /* MyMedsPlanForiPhone-Bridging-Header.h */ = {isa = PBXFileReference; lastKnownFileType = sourcecode.c.h; path = "MyMedsPlanForiPhone-Bridging-Header.h"; sourceTree = "<group>"; };
		30ABA5241B4EE750001B6201 /* ZGCountDownTimer.h */ = {isa = PBXFileReference; fileEncoding = 4; lastKnownFileType = sourcecode.c.h; name = ZGCountDownTimer.h; path = MyMedsPlanForiPhone/ZGCountDownTimer/ZGCountDownTimer.h; sourceTree = "<group>"; };
		30ABA5251B4EE750001B6201 /* ZGCountDownTimer.m */ = {isa = PBXFileReference; fileEncoding = 4; lastKnownFileType = sourcecode.c.objc; name = ZGCountDownTimer.m; path = MyMedsPlanForiPhone/ZGCountDownTimer/ZGCountDownTimer.m; sourceTree = "<group>"; };
		30CABEA71B79058300D8CCFE /* BButton.h */ = {isa = PBXFileReference; fileEncoding = 4; lastKnownFileType = sourcecode.c.h; name = BButton.h; path = MyMedsPlanForiPhone/BButton/BButton.h; sourceTree = "<group>"; };
		30CABEA81B79058300D8CCFE /* BButton.m */ = {isa = PBXFileReference; fileEncoding = 4; lastKnownFileType = sourcecode.c.objc; name = BButton.m; path = MyMedsPlanForiPhone/BButton/BButton.m; sourceTree = "<group>"; };
		30CABEA91B79058300D8CCFE /* NSString+FontAwesome.h */ = {isa = PBXFileReference; fileEncoding = 4; lastKnownFileType = sourcecode.c.h; name = "NSString+FontAwesome.h"; path = "MyMedsPlanForiPhone/BButton/NSString+FontAwesome.h"; sourceTree = "<group>"; };
		30CABEAA1B79058300D8CCFE /* NSString+FontAwesome.m */ = {isa = PBXFileReference; fileEncoding = 4; lastKnownFileType = sourcecode.c.objc; name = "NSString+FontAwesome.m"; path = "MyMedsPlanForiPhone/BButton/NSString+FontAwesome.m"; sourceTree = "<group>"; };
		30CABEAB1B79058300D8CCFE /* UIColor+BButton.h */ = {isa = PBXFileReference; fileEncoding = 4; lastKnownFileType = sourcecode.c.h; name = "UIColor+BButton.h"; path = "MyMedsPlanForiPhone/BButton/UIColor+BButton.h"; sourceTree = "<group>"; };
		30CABEAC1B79058300D8CCFE /* UIColor+BButton.m */ = {isa = PBXFileReference; fileEncoding = 4; lastKnownFileType = sourcecode.c.objc; name = "UIColor+BButton.m"; path = "MyMedsPlanForiPhone/BButton/UIColor+BButton.m"; sourceTree = "<group>"; };
		30CABEB11B79059C00D8CCFE /* FontAwesome.ttf */ = {isa = PBXFileReference; lastKnownFileType = file; name = FontAwesome.ttf; path = MyMedsPlanForiPhone/BButton/resources/FontAwesome.ttf; sourceTree = "<group>"; };
		30CABF0F1B79C79C00D8CCFE /* MagicalImportFunctions.h */ = {isa = PBXFileReference; fileEncoding = 4; lastKnownFileType = sourcecode.c.h; name = MagicalImportFunctions.h; path = MyMedsPlanForiPhone/MagicalRecord/MagicalImportFunctions.h; sourceTree = "<group>"; };
		30CABF101B79C79C00D8CCFE /* MagicalImportFunctions.m */ = {isa = PBXFileReference; fileEncoding = 4; lastKnownFileType = sourcecode.c.objc; name = MagicalImportFunctions.m; path = MyMedsPlanForiPhone/MagicalRecord/MagicalImportFunctions.m; sourceTree = "<group>"; };
		30CABF111B79C79C00D8CCFE /* MagicalRecord.h */ = {isa = PBXFileReference; fileEncoding = 4; lastKnownFileType = sourcecode.c.h; name = MagicalRecord.h; path = MyMedsPlanForiPhone/MagicalRecord/MagicalRecord.h; sourceTree = "<group>"; };
		30CABF121B79C79C00D8CCFE /* MagicalRecord+Actions.h */ = {isa = PBXFileReference; fileEncoding = 4; lastKnownFileType = sourcecode.c.h; name = "MagicalRecord+Actions.h"; path = "MyMedsPlanForiPhone/MagicalRecord/MagicalRecord+Actions.h"; sourceTree = "<group>"; };
		30CABF131B79C79C00D8CCFE /* MagicalRecord+Actions.m */ = {isa = PBXFileReference; fileEncoding = 4; lastKnownFileType = sourcecode.c.objc; name = "MagicalRecord+Actions.m"; path = "MyMedsPlanForiPhone/MagicalRecord/MagicalRecord+Actions.m"; sourceTree = "<group>"; };
		30CABF141B79C79C00D8CCFE /* MagicalRecord+ErrorHandling.h */ = {isa = PBXFileReference; fileEncoding = 4; lastKnownFileType = sourcecode.c.h; name = "MagicalRecord+ErrorHandling.h"; path = "MyMedsPlanForiPhone/MagicalRecord/MagicalRecord+ErrorHandling.h"; sourceTree = "<group>"; };
		30CABF151B79C79C00D8CCFE /* MagicalRecord+ErrorHandling.m */ = {isa = PBXFileReference; fileEncoding = 4; lastKnownFileType = sourcecode.c.objc; name = "MagicalRecord+ErrorHandling.m"; path = "MyMedsPlanForiPhone/MagicalRecord/MagicalRecord+ErrorHandling.m"; sourceTree = "<group>"; };
		30CABF161B79C79C00D8CCFE /* MagicalRecord+iCloud.h */ = {isa = PBXFileReference; fileEncoding = 4; lastKnownFileType = sourcecode.c.h; name = "MagicalRecord+iCloud.h"; path = "MyMedsPlanForiPhone/MagicalRecord/MagicalRecord+iCloud.h"; sourceTree = "<group>"; };
		30CABF171B79C79C00D8CCFE /* MagicalRecord+iCloud.m */ = {isa = PBXFileReference; fileEncoding = 4; lastKnownFileType = sourcecode.c.objc; name = "MagicalRecord+iCloud.m"; path = "MyMedsPlanForiPhone/MagicalRecord/MagicalRecord+iCloud.m"; sourceTree = "<group>"; };
		30CABF181B79C79C00D8CCFE /* MagicalRecord+Options.h */ = {isa = PBXFileReference; fileEncoding = 4; lastKnownFileType = sourcecode.c.h; name = "MagicalRecord+Options.h"; path = "MyMedsPlanForiPhone/MagicalRecord/MagicalRecord+Options.h"; sourceTree = "<group>"; };
		30CABF191B79C79C00D8CCFE /* MagicalRecord+Options.m */ = {isa = PBXFileReference; fileEncoding = 4; lastKnownFileType = sourcecode.c.objc; name = "MagicalRecord+Options.m"; path = "MyMedsPlanForiPhone/MagicalRecord/MagicalRecord+Options.m"; sourceTree = "<group>"; };
		30CABF1A1B79C79C00D8CCFE /* MagicalRecord+Setup.h */ = {isa = PBXFileReference; fileEncoding = 4; lastKnownFileType = sourcecode.c.h; name = "MagicalRecord+Setup.h"; path = "MyMedsPlanForiPhone/MagicalRecord/MagicalRecord+Setup.h"; sourceTree = "<group>"; };
		30CABF1B1B79C79C00D8CCFE /* MagicalRecord+Setup.m */ = {isa = PBXFileReference; fileEncoding = 4; lastKnownFileType = sourcecode.c.objc; name = "MagicalRecord+Setup.m"; path = "MyMedsPlanForiPhone/MagicalRecord/MagicalRecord+Setup.m"; sourceTree = "<group>"; };
		30CABF1C1B79C79C00D8CCFE /* MagicalRecord+ShorthandMethods.h */ = {isa = PBXFileReference; fileEncoding = 4; lastKnownFileType = sourcecode.c.h; name = "MagicalRecord+ShorthandMethods.h"; path = "MyMedsPlanForiPhone/MagicalRecord/MagicalRecord+ShorthandMethods.h"; sourceTree = "<group>"; };
		30CABF1D1B79C79C00D8CCFE /* MagicalRecord+ShorthandMethods.m */ = {isa = PBXFileReference; fileEncoding = 4; lastKnownFileType = sourcecode.c.objc; name = "MagicalRecord+ShorthandMethods.m"; path = "MyMedsPlanForiPhone/MagicalRecord/MagicalRecord+ShorthandMethods.m"; sourceTree = "<group>"; };
		30CABF1E1B79C79C00D8CCFE /* MagicalRecordDeprecationMacros.h */ = {isa = PBXFileReference; fileEncoding = 4; lastKnownFileType = sourcecode.c.h; name = MagicalRecordDeprecationMacros.h; path = MyMedsPlanForiPhone/MagicalRecord/MagicalRecordDeprecationMacros.h; sourceTree = "<group>"; };
		30CABF1F1B79C79C00D8CCFE /* MagicalRecordInternal.h */ = {isa = PBXFileReference; fileEncoding = 4; lastKnownFileType = sourcecode.c.h; name = MagicalRecordInternal.h; path = MyMedsPlanForiPhone/MagicalRecord/MagicalRecordInternal.h; sourceTree = "<group>"; };
		30CABF201B79C79C00D8CCFE /* MagicalRecordInternal.m */ = {isa = PBXFileReference; fileEncoding = 4; lastKnownFileType = sourcecode.c.objc; name = MagicalRecordInternal.m; path = MyMedsPlanForiPhone/MagicalRecord/MagicalRecordInternal.m; sourceTree = "<group>"; };
		30CABF211B79C79C00D8CCFE /* MagicalRecordLogging.h */ = {isa = PBXFileReference; fileEncoding = 4; lastKnownFileType = sourcecode.c.h; name = MagicalRecordLogging.h; path = MyMedsPlanForiPhone/MagicalRecord/MagicalRecordLogging.h; sourceTree = "<group>"; };
		30CABF221B79C79C00D8CCFE /* MagicalRecordShorthandMethodAliases.h */ = {isa = PBXFileReference; fileEncoding = 4; lastKnownFileType = sourcecode.c.h; name = MagicalRecordShorthandMethodAliases.h; path = MyMedsPlanForiPhone/MagicalRecord/MagicalRecordShorthandMethodAliases.h; sourceTree = "<group>"; };
		30CABF231B79C79C00D8CCFE /* NSAttributeDescription+MagicalDataImport.h */ = {isa = PBXFileReference; fileEncoding = 4; lastKnownFileType = sourcecode.c.h; name = "NSAttributeDescription+MagicalDataImport.h"; path = "MyMedsPlanForiPhone/MagicalRecord/NSAttributeDescription+MagicalDataImport.h"; sourceTree = "<group>"; };
		30CABF241B79C79C00D8CCFE /* NSAttributeDescription+MagicalDataImport.m */ = {isa = PBXFileReference; fileEncoding = 4; lastKnownFileType = sourcecode.c.objc; name = "NSAttributeDescription+MagicalDataImport.m"; path = "MyMedsPlanForiPhone/MagicalRecord/NSAttributeDescription+MagicalDataImport.m"; sourceTree = "<group>"; };
		30CABF251B79C79C00D8CCFE /* NSEntityDescription+MagicalDataImport.h */ = {isa = PBXFileReference; fileEncoding = 4; lastKnownFileType = sourcecode.c.h; name = "NSEntityDescription+MagicalDataImport.h"; path = "MyMedsPlanForiPhone/MagicalRecord/NSEntityDescription+MagicalDataImport.h"; sourceTree = "<group>"; };
		30CABF261B79C79C00D8CCFE /* NSEntityDescription+MagicalDataImport.m */ = {isa = PBXFileReference; fileEncoding = 4; lastKnownFileType = sourcecode.c.objc; name = "NSEntityDescription+MagicalDataImport.m"; path = "MyMedsPlanForiPhone/MagicalRecord/NSEntityDescription+MagicalDataImport.m"; sourceTree = "<group>"; };
		30CABF271B79C79C00D8CCFE /* NSManagedObject+MagicalAggregation.h */ = {isa = PBXFileReference; fileEncoding = 4; lastKnownFileType = sourcecode.c.h; name = "NSManagedObject+MagicalAggregation.h"; path = "MyMedsPlanForiPhone/MagicalRecord/NSManagedObject+MagicalAggregation.h"; sourceTree = "<group>"; };
		30CABF281B79C79C00D8CCFE /* NSManagedObject+MagicalAggregation.m */ = {isa = PBXFileReference; fileEncoding = 4; lastKnownFileType = sourcecode.c.objc; name = "NSManagedObject+MagicalAggregation.m"; path = "MyMedsPlanForiPhone/MagicalRecord/NSManagedObject+MagicalAggregation.m"; sourceTree = "<group>"; };
		30CABF291B79C79C00D8CCFE /* NSManagedObject+MagicalDataImport.h */ = {isa = PBXFileReference; fileEncoding = 4; lastKnownFileType = sourcecode.c.h; name = "NSManagedObject+MagicalDataImport.h"; path = "MyMedsPlanForiPhone/MagicalRecord/NSManagedObject+MagicalDataImport.h"; sourceTree = "<group>"; };
		30CABF2A1B79C79C00D8CCFE /* NSManagedObject+MagicalDataImport.m */ = {isa = PBXFileReference; fileEncoding = 4; lastKnownFileType = sourcecode.c.objc; name = "NSManagedObject+MagicalDataImport.m"; path = "MyMedsPlanForiPhone/MagicalRecord/NSManagedObject+MagicalDataImport.m"; sourceTree = "<group>"; };
		30CABF2B1B79C79C00D8CCFE /* NSManagedObject+MagicalFinders.h */ = {isa = PBXFileReference; fileEncoding = 4; lastKnownFileType = sourcecode.c.h; name = "NSManagedObject+MagicalFinders.h"; path = "MyMedsPlanForiPhone/MagicalRecord/NSManagedObject+MagicalFinders.h"; sourceTree = "<group>"; };
		30CABF2C1B79C79C00D8CCFE /* NSManagedObject+MagicalFinders.m */ = {isa = PBXFileReference; fileEncoding = 4; lastKnownFileType = sourcecode.c.objc; name = "NSManagedObject+MagicalFinders.m"; path = "MyMedsPlanForiPhone/MagicalRecord/NSManagedObject+MagicalFinders.m"; sourceTree = "<group>"; };
		30CABF2D1B79C79C00D8CCFE /* NSManagedObject+MagicalRecord.h */ = {isa = PBXFileReference; fileEncoding = 4; lastKnownFileType = sourcecode.c.h; name = "NSManagedObject+MagicalRecord.h"; path = "MyMedsPlanForiPhone/MagicalRecord/NSManagedObject+MagicalRecord.h"; sourceTree = "<group>"; };
		30CABF2E1B79C79C00D8CCFE /* NSManagedObject+MagicalRecord.m */ = {isa = PBXFileReference; fileEncoding = 4; lastKnownFileType = sourcecode.c.objc; name = "NSManagedObject+MagicalRecord.m"; path = "MyMedsPlanForiPhone/MagicalRecord/NSManagedObject+MagicalRecord.m"; sourceTree = "<group>"; };
		30CABF2F1B79C79C00D8CCFE /* NSManagedObject+MagicalRequests.h */ = {isa = PBXFileReference; fileEncoding = 4; lastKnownFileType = sourcecode.c.h; name = "NSManagedObject+MagicalRequests.h"; path = "MyMedsPlanForiPhone/MagicalRecord/NSManagedObject+MagicalRequests.h"; sourceTree = "<group>"; };
		30CABF301B79C79C00D8CCFE /* NSManagedObject+MagicalRequests.m */ = {isa = PBXFileReference; fileEncoding = 4; lastKnownFileType = sourcecode.c.objc; name = "NSManagedObject+MagicalRequests.m"; path = "MyMedsPlanForiPhone/MagicalRecord/NSManagedObject+MagicalRequests.m"; sourceTree = "<group>"; };
		30CABF311B79C79C00D8CCFE /* NSManagedObjectContext+MagicalChainSave.h */ = {isa = PBXFileReference; fileEncoding = 4; lastKnownFileType = sourcecode.c.h; name = "NSManagedObjectContext+MagicalChainSave.h"; path = "MyMedsPlanForiPhone/MagicalRecord/NSManagedObjectContext+MagicalChainSave.h"; sourceTree = "<group>"; };
		30CABF321B79C79C00D8CCFE /* NSManagedObjectContext+MagicalChainSave.m */ = {isa = PBXFileReference; fileEncoding = 4; lastKnownFileType = sourcecode.c.objc; name = "NSManagedObjectContext+MagicalChainSave.m"; path = "MyMedsPlanForiPhone/MagicalRecord/NSManagedObjectContext+MagicalChainSave.m"; sourceTree = "<group>"; };
		30CABF331B79C79C00D8CCFE /* NSManagedObjectContext+MagicalObserving.h */ = {isa = PBXFileReference; fileEncoding = 4; lastKnownFileType = sourcecode.c.h; name = "NSManagedObjectContext+MagicalObserving.h"; path = "MyMedsPlanForiPhone/MagicalRecord/NSManagedObjectContext+MagicalObserving.h"; sourceTree = "<group>"; };
		30CABF341B79C79C00D8CCFE /* NSManagedObjectContext+MagicalObserving.m */ = {isa = PBXFileReference; fileEncoding = 4; lastKnownFileType = sourcecode.c.objc; name = "NSManagedObjectContext+MagicalObserving.m"; path = "MyMedsPlanForiPhone/MagicalRecord/NSManagedObjectContext+MagicalObserving.m"; sourceTree = "<group>"; };
		30CABF351B79C79C00D8CCFE /* NSManagedObjectContext+MagicalRecord.h */ = {isa = PBXFileReference; fileEncoding = 4; lastKnownFileType = sourcecode.c.h; name = "NSManagedObjectContext+MagicalRecord.h"; path = "MyMedsPlanForiPhone/MagicalRecord/NSManagedObjectContext+MagicalRecord.h"; sourceTree = "<group>"; };
		30CABF361B79C79C00D8CCFE /* NSManagedObjectContext+MagicalRecord.m */ = {isa = PBXFileReference; fileEncoding = 4; lastKnownFileType = sourcecode.c.objc; name = "NSManagedObjectContext+MagicalRecord.m"; path = "MyMedsPlanForiPhone/MagicalRecord/NSManagedObjectContext+MagicalRecord.m"; sourceTree = "<group>"; };
		30CABF371B79C79C00D8CCFE /* NSManagedObjectContext+MagicalSaves.h */ = {isa = PBXFileReference; fileEncoding = 4; lastKnownFileType = sourcecode.c.h; name = "NSManagedObjectContext+MagicalSaves.h"; path = "MyMedsPlanForiPhone/MagicalRecord/NSManagedObjectContext+MagicalSaves.h"; sourceTree = "<group>"; };
		30CABF381B79C79C00D8CCFE /* NSManagedObjectContext+MagicalSaves.m */ = {isa = PBXFileReference; fileEncoding = 4; lastKnownFileType = sourcecode.c.objc; name = "NSManagedObjectContext+MagicalSaves.m"; path = "MyMedsPlanForiPhone/MagicalRecord/NSManagedObjectContext+MagicalSaves.m"; sourceTree = "<group>"; };
		30CABF391B79C79C00D8CCFE /* NSManagedObjectContext+MagicalThreading.h */ = {isa = PBXFileReference; fileEncoding = 4; lastKnownFileType = sourcecode.c.h; name = "NSManagedObjectContext+MagicalThreading.h"; path = "MyMedsPlanForiPhone/MagicalRecord/NSManagedObjectContext+MagicalThreading.h"; sourceTree = "<group>"; };
		30CABF3A1B79C79C00D8CCFE /* NSManagedObjectContext+MagicalThreading.m */ = {isa = PBXFileReference; fileEncoding = 4; lastKnownFileType = sourcecode.c.objc; name = "NSManagedObjectContext+MagicalThreading.m"; path = "MyMedsPlanForiPhone/MagicalRecord/NSManagedObjectContext+MagicalThreading.m"; sourceTree = "<group>"; };
		30CABF3B1B79C79C00D8CCFE /* NSManagedObjectModel+MagicalRecord.h */ = {isa = PBXFileReference; fileEncoding = 4; lastKnownFileType = sourcecode.c.h; name = "NSManagedObjectModel+MagicalRecord.h"; path = "MyMedsPlanForiPhone/MagicalRecord/NSManagedObjectModel+MagicalRecord.h"; sourceTree = "<group>"; };
		30CABF3C1B79C79C00D8CCFE /* NSManagedObjectModel+MagicalRecord.m */ = {isa = PBXFileReference; fileEncoding = 4; lastKnownFileType = sourcecode.c.objc; name = "NSManagedObjectModel+MagicalRecord.m"; path = "MyMedsPlanForiPhone/MagicalRecord/NSManagedObjectModel+MagicalRecord.m"; sourceTree = "<group>"; };
		30CABF3D1B79C79C00D8CCFE /* NSNumber+MagicalDataImport.h */ = {isa = PBXFileReference; fileEncoding = 4; lastKnownFileType = sourcecode.c.h; name = "NSNumber+MagicalDataImport.h"; path = "MyMedsPlanForiPhone/MagicalRecord/NSNumber+MagicalDataImport.h"; sourceTree = "<group>"; };
		30CABF3E1B79C79C00D8CCFE /* NSNumber+MagicalDataImport.m */ = {isa = PBXFileReference; fileEncoding = 4; lastKnownFileType = sourcecode.c.objc; name = "NSNumber+MagicalDataImport.m"; path = "MyMedsPlanForiPhone/MagicalRecord/NSNumber+MagicalDataImport.m"; sourceTree = "<group>"; };
		30CABF3F1B79C79C00D8CCFE /* NSObject+MagicalDataImport.h */ = {isa = PBXFileReference; fileEncoding = 4; lastKnownFileType = sourcecode.c.h; name = "NSObject+MagicalDataImport.h"; path = "MyMedsPlanForiPhone/MagicalRecord/NSObject+MagicalDataImport.h"; sourceTree = "<group>"; };
		30CABF401B79C79C00D8CCFE /* NSObject+MagicalDataImport.m */ = {isa = PBXFileReference; fileEncoding = 4; lastKnownFileType = sourcecode.c.objc; name = "NSObject+MagicalDataImport.m"; path = "MyMedsPlanForiPhone/MagicalRecord/NSObject+MagicalDataImport.m"; sourceTree = "<group>"; };
		30CABF411B79C79C00D8CCFE /* NSPersistentStore+MagicalRecord.h */ = {isa = PBXFileReference; fileEncoding = 4; lastKnownFileType = sourcecode.c.h; name = "NSPersistentStore+MagicalRecord.h"; path = "MyMedsPlanForiPhone/MagicalRecord/NSPersistentStore+MagicalRecord.h"; sourceTree = "<group>"; };
		30CABF421B79C79C00D8CCFE /* NSPersistentStore+MagicalRecord.m */ = {isa = PBXFileReference; fileEncoding = 4; lastKnownFileType = sourcecode.c.objc; name = "NSPersistentStore+MagicalRecord.m"; path = "MyMedsPlanForiPhone/MagicalRecord/NSPersistentStore+MagicalRecord.m"; sourceTree = "<group>"; };
		30CABF431B79C79C00D8CCFE /* NSPersistentStoreCoordinator+MagicalRecord.h */ = {isa = PBXFileReference; fileEncoding = 4; lastKnownFileType = sourcecode.c.h; name = "NSPersistentStoreCoordinator+MagicalRecord.h"; path = "MyMedsPlanForiPhone/MagicalRecord/NSPersistentStoreCoordinator+MagicalRecord.h"; sourceTree = "<group>"; };
		30CABF441B79C79C00D8CCFE /* NSPersistentStoreCoordinator+MagicalRecord.m */ = {isa = PBXFileReference; fileEncoding = 4; lastKnownFileType = sourcecode.c.objc; name = "NSPersistentStoreCoordinator+MagicalRecord.m"; path = "MyMedsPlanForiPhone/MagicalRecord/NSPersistentStoreCoordinator+MagicalRecord.m"; sourceTree = "<group>"; };
		30CABF451B79C79C00D8CCFE /* NSRelationshipDescription+MagicalDataImport.h */ = {isa = PBXFileReference; fileEncoding = 4; lastKnownFileType = sourcecode.c.h; name = "NSRelationshipDescription+MagicalDataImport.h"; path = "MyMedsPlanForiPhone/MagicalRecord/NSRelationshipDescription+MagicalDataImport.h"; sourceTree = "<group>"; };
		30CABF461B79C79C00D8CCFE /* NSRelationshipDescription+MagicalDataImport.m */ = {isa = PBXFileReference; fileEncoding = 4; lastKnownFileType = sourcecode.c.objc; name = "NSRelationshipDescription+MagicalDataImport.m"; path = "MyMedsPlanForiPhone/MagicalRecord/NSRelationshipDescription+MagicalDataImport.m"; sourceTree = "<group>"; };
		30CABF471B79C79C00D8CCFE /* NSString+MagicalDataImport.h */ = {isa = PBXFileReference; fileEncoding = 4; lastKnownFileType = sourcecode.c.h; name = "NSString+MagicalDataImport.h"; path = "MyMedsPlanForiPhone/MagicalRecord/NSString+MagicalDataImport.h"; sourceTree = "<group>"; };
		30CABF481B79C79C00D8CCFE /* NSString+MagicalDataImport.m */ = {isa = PBXFileReference; fileEncoding = 4; lastKnownFileType = sourcecode.c.objc; name = "NSString+MagicalDataImport.m"; path = "MyMedsPlanForiPhone/MagicalRecord/NSString+MagicalDataImport.m"; sourceTree = "<group>"; };
		30D4A4261B73CC610059F98A /* AddMedicineViewController.swift */ = {isa = PBXFileReference; fileEncoding = 4; lastKnownFileType = sourcecode.swift; path = AddMedicineViewController.swift; sourceTree = "<group>"; };
		30D4A4291B73CE2D0059F98A /* Plan.swift */ = {isa = PBXFileReference; fileEncoding = 4; lastKnownFileType = sourcecode.swift; path = Plan.swift; sourceTree = "<group>"; };
		30E2F9011B72A400002D94A4 /* My_Meds_Plan_Model.xcdatamodel */ = {isa = PBXFileReference; lastKnownFileType = wrapper.xcdatamodel; path = My_Meds_Plan_Model.xcdatamodel; sourceTree = "<group>"; };
/* End PBXFileReference section */

/* Begin PBXFrameworksBuildPhase section */
		301A4D7B1B3B2315003F972C /* Frameworks */ = {
			isa = PBXFrameworksBuildPhase;
			buildActionMask = 2147483647;
			files = (
			);
			runOnlyForDeploymentPostprocessing = 0;
		};
		301A4D8F1B3B2317003F972C /* Frameworks */ = {
			isa = PBXFrameworksBuildPhase;
			buildActionMask = 2147483647;
			files = (
			);
			runOnlyForDeploymentPostprocessing = 0;
		};
		301A4D9A1B3B2318003F972C /* Frameworks */ = {
			isa = PBXFrameworksBuildPhase;
			buildActionMask = 2147483647;
			files = (
			);
			runOnlyForDeploymentPostprocessing = 0;
		};
/* End PBXFrameworksBuildPhase section */

/* Begin PBXGroup section */
		30087A181B5D7E6200BA6839 /* SFlatButton */ = {
			isa = PBXGroup;
			children = (
				30087A191B5D7E7300BA6839 /* SFlatButton.swift */,
			);
			name = SFlatButton;
			sourceTree = "<group>";
		};
		30087A1B1B5D81ED00BA6839 /* PureLayout */ = {
			isa = PBXGroup;
			children = (
				30087A1C1B5D81FD00BA6839 /* ALView+PureLayout.h */,
				30087A1D1B5D81FD00BA6839 /* ALView+PureLayout.m */,
				30087A1E1B5D81FD00BA6839 /* NSArray+PureLayout.h */,
				30087A1F1B5D81FD00BA6839 /* NSArray+PureLayout.m */,
				30087A201B5D81FD00BA6839 /* NSLayoutConstraint+PureLayout.h */,
				30087A211B5D81FD00BA6839 /* NSLayoutConstraint+PureLayout.m */,
				30087A221B5D81FD00BA6839 /* PureLayout.h */,
				30087A231B5D81FD00BA6839 /* PureLayout+Internal.h */,
				30087A241B5D81FD00BA6839 /* PureLayoutDefines.h */,
			);
			name = PureLayout;
			sourceTree = "<group>";
		};
		301A4D751B3B2313003F972C = {
			isa = PBXGroup;
			children = (
				301A4D801B3B2315003F972C /* MyMedsPlanForiPhone */,
				301A4D951B3B2317003F972C /* MyMedsPlanForiPhoneTests */,
				301A4DA01B3B2318003F972C /* MyMedsPlanForiPhoneUITests */,
				301A4D7F1B3B2315003F972C /* Products */,
			);
			sourceTree = "<group>";
		};
		301A4D7F1B3B2315003F972C /* Products */ = {
			isa = PBXGroup;
			children = (
				301A4D7E1B3B2315003F972C /* MyMedsPlanForiPhone.app */,
				301A4D921B3B2317003F972C /* MyMedsPlanForiPhoneTests.xctest */,
				301A4D9D1B3B2318003F972C /* MyMedsPlanForiPhoneUITests.xctest */,
			);
			name = Products;
			sourceTree = "<group>";
		};
		301A4D801B3B2315003F972C /* MyMedsPlanForiPhone */ = {
			isa = PBXGroup;
			children = (
				30D4A41B1B73BA920059F98A /* Model */,
				30A24E851B45C1EE007596FB /* Libraries */,
				301A4D811B3B2316003F972C /* AppDelegate.swift */,
				301A4D831B3B2316003F972C /* ViewController.swift */,
				30D4A4261B73CC610059F98A /* AddMedicineViewController.swift */,
				30A24E821B45B1B9007596FB /* PlanTableViewCell.swift */,
				302CA55C1B4D9FD4005F4286 /* PlanTableViewCell.xib */,
				301A4D851B3B2316003F972C /* Main.storyboard */,
				301A4D881B3B2317003F972C /* Assets.xcassets */,
				301A4D8A1B3B2317003F972C /* LaunchScreen.storyboard */,
				301A4D8D1B3B2317003F972C /* Info.plist */,
				30ABA5141B4ED5F3001B6201 /* File.m */,
				30ABA51A1B4EDE62001B6201 /* MyMedsPlanForiPhone-Bridging-Header.h */,
			);
			path = MyMedsPlanForiPhone;
			sourceTree = "<group>";
		};
		301A4D951B3B2317003F972C /* MyMedsPlanForiPhoneTests */ = {
			isa = PBXGroup;
			children = (
				301A4D961B3B2317003F972C /* MyMedsPlanForiPhoneTests.swift */,
				301A4D981B3B2317003F972C /* Info.plist */,
			);
			path = MyMedsPlanForiPhoneTests;
			sourceTree = "<group>";
		};
		301A4DA01B3B2318003F972C /* MyMedsPlanForiPhoneUITests */ = {
			isa = PBXGroup;
			children = (
				301A4DA11B3B2318003F972C /* MyMedsPlanForiPhoneUITests.swift */,
				301A4DA31B3B2318003F972C /* Info.plist */,
			);
			path = MyMedsPlanForiPhoneUITests;
			sourceTree = "<group>";
		};
		308D4B961B79F83A006E9932 /* ActionSheetPicker */ = {
			isa = PBXGroup;
			children = (
				308D4B971B79F870006E9932 /* AbstractActionSheetPicker.h */,
				308D4B981B79F870006E9932 /* AbstractActionSheetPicker.m */,
				308D4B991B79F870006E9932 /* ActionSheetCustomPicker.h */,
				308D4B9A1B79F870006E9932 /* ActionSheetCustomPicker.m */,
				308D4B9B1B79F870006E9932 /* ActionSheetCustomPickerDelegate.h */,
				308D4B9C1B79F870006E9932 /* ActionSheetDatePicker.h */,
				308D4B9D1B79F870006E9932 /* ActionSheetDatePicker.m */,
				308D4B9E1B79F870006E9932 /* ActionSheetDistancePicker.h */,
				308D4B9F1B79F870006E9932 /* ActionSheetDistancePicker.m */,
				308D4BA01B79F870006E9932 /* ActionSheetLocalePicker.h */,
				308D4BA11B79F870006E9932 /* ActionSheetLocalePicker.m */,
				308D4BA21B79F870006E9932 /* ActionSheetMultipleStringPicker.h */,
				308D4BA31B79F870006E9932 /* ActionSheetMultipleStringPicker.m */,
				308D4BA41B79F870006E9932 /* ActionSheetPicker.h */,
				308D4BA51B79F870006E9932 /* ActionSheetStringPicker.h */,
				308D4BA61B79F870006E9932 /* ActionSheetStringPicker.m */,
				308D4BA71B79F870006E9932 /* DistancePickerView.h */,
				308D4BA81B79F870006E9932 /* DistancePickerView.m */,
				308D4BA91B79F870006E9932 /* SWActionSheet.h */,
				308D4BAA1B79F870006E9932 /* SWActionSheet.m */,
			);
			name = ActionSheetPicker;
			sourceTree = "<group>";
		};
		30A24E851B45C1EE007596FB /* Libraries */ = {
			isa = PBXGroup;
			children = (
				308D4B961B79F83A006E9932 /* ActionSheetPicker */,
				30CABF0E1B79C78900D8CCFE /* MagicalRecord */,
				30CABEA61B79004700D8CCFE /* BButton */,
				30087A1B1B5D81ED00BA6839 /* PureLayout */,
				30087A181B5D7E6200BA6839 /* SFlatButton */,
				30ABA5231B4EE73D001B6201 /* ZGCountDownTimer */,
				30A24E901B45ED22007596FB /* UIColorExtensions.swift */,
			);
			name = Libraries;
			path = ..;
			sourceTree = "<group>";
		};
		30ABA5231B4EE73D001B6201 /* ZGCountDownTimer */ = {
			isa = PBXGroup;
			children = (
				30ABA5241B4EE750001B6201 /* ZGCountDownTimer.h */,
				30ABA5251B4EE750001B6201 /* ZGCountDownTimer.m */,
			);
			name = ZGCountDownTimer;
			sourceTree = "<group>";
		};
		30CABEA61B79004700D8CCFE /* BButton */ = {
			isa = PBXGroup;
			children = (
				30CABEB01B79058A00D8CCFE /* resources */,
				30CABEA71B79058300D8CCFE /* BButton.h */,
				30CABEA81B79058300D8CCFE /* BButton.m */,
				30CABEA91B79058300D8CCFE /* NSString+FontAwesome.h */,
				30CABEAA1B79058300D8CCFE /* NSString+FontAwesome.m */,
				30CABEAB1B79058300D8CCFE /* UIColor+BButton.h */,
				30CABEAC1B79058300D8CCFE /* UIColor+BButton.m */,
			);
			name = BButton;
			sourceTree = "<group>";
		};
		30CABEB01B79058A00D8CCFE /* resources */ = {
			isa = PBXGroup;
			children = (
				30CABEB11B79059C00D8CCFE /* FontAwesome.ttf */,
			);
			name = resources;
			sourceTree = "<group>";
		};
		30CABF0E1B79C78900D8CCFE /* MagicalRecord */ = {
			isa = PBXGroup;
			children = (
				30CABF0F1B79C79C00D8CCFE /* MagicalImportFunctions.h */,
				30CABF101B79C79C00D8CCFE /* MagicalImportFunctions.m */,
				30CABF111B79C79C00D8CCFE /* MagicalRecord.h */,
				30CABF121B79C79C00D8CCFE /* MagicalRecord+Actions.h */,
				30CABF131B79C79C00D8CCFE /* MagicalRecord+Actions.m */,
				30CABF141B79C79C00D8CCFE /* MagicalRecord+ErrorHandling.h */,
				30CABF151B79C79C00D8CCFE /* MagicalRecord+ErrorHandling.m */,
				30CABF161B79C79C00D8CCFE /* MagicalRecord+iCloud.h */,
				30CABF171B79C79C00D8CCFE /* MagicalRecord+iCloud.m */,
				30CABF181B79C79C00D8CCFE /* MagicalRecord+Options.h */,
				30CABF191B79C79C00D8CCFE /* MagicalRecord+Options.m */,
				30CABF1A1B79C79C00D8CCFE /* MagicalRecord+Setup.h */,
				30CABF1B1B79C79C00D8CCFE /* MagicalRecord+Setup.m */,
				30CABF1C1B79C79C00D8CCFE /* MagicalRecord+ShorthandMethods.h */,
				30CABF1D1B79C79C00D8CCFE /* MagicalRecord+ShorthandMethods.m */,
				30CABF1E1B79C79C00D8CCFE /* MagicalRecordDeprecationMacros.h */,
				30CABF1F1B79C79C00D8CCFE /* MagicalRecordInternal.h */,
				30CABF201B79C79C00D8CCFE /* MagicalRecordInternal.m */,
				30CABF211B79C79C00D8CCFE /* MagicalRecordLogging.h */,
				30CABF221B79C79C00D8CCFE /* MagicalRecordShorthandMethodAliases.h */,
				30CABF231B79C79C00D8CCFE /* NSAttributeDescription+MagicalDataImport.h */,
				30CABF241B79C79C00D8CCFE /* NSAttributeDescription+MagicalDataImport.m */,
				30CABF251B79C79C00D8CCFE /* NSEntityDescription+MagicalDataImport.h */,
				30CABF261B79C79C00D8CCFE /* NSEntityDescription+MagicalDataImport.m */,
				30CABF271B79C79C00D8CCFE /* NSManagedObject+MagicalAggregation.h */,
				30CABF281B79C79C00D8CCFE /* NSManagedObject+MagicalAggregation.m */,
				30CABF291B79C79C00D8CCFE /* NSManagedObject+MagicalDataImport.h */,
				30CABF2A1B79C79C00D8CCFE /* NSManagedObject+MagicalDataImport.m */,
				30CABF2B1B79C79C00D8CCFE /* NSManagedObject+MagicalFinders.h */,
				30CABF2C1B79C79C00D8CCFE /* NSManagedObject+MagicalFinders.m */,
				30CABF2D1B79C79C00D8CCFE /* NSManagedObject+MagicalRecord.h */,
				30CABF2E1B79C79C00D8CCFE /* NSManagedObject+MagicalRecord.m */,
				30CABF2F1B79C79C00D8CCFE /* NSManagedObject+MagicalRequests.h */,
				30CABF301B79C79C00D8CCFE /* NSManagedObject+MagicalRequests.m */,
				30CABF311B79C79C00D8CCFE /* NSManagedObjectContext+MagicalChainSave.h */,
				30CABF321B79C79C00D8CCFE /* NSManagedObjectContext+MagicalChainSave.m */,
				30CABF331B79C79C00D8CCFE /* NSManagedObjectContext+MagicalObserving.h */,
				30CABF341B79C79C00D8CCFE /* NSManagedObjectContext+MagicalObserving.m */,
				30CABF351B79C79C00D8CCFE /* NSManagedObjectContext+MagicalRecord.h */,
				30CABF361B79C79C00D8CCFE /* NSManagedObjectContext+MagicalRecord.m */,
				30CABF371B79C79C00D8CCFE /* NSManagedObjectContext+MagicalSaves.h */,
				30CABF381B79C79C00D8CCFE /* NSManagedObjectContext+MagicalSaves.m */,
				30CABF391B79C79C00D8CCFE /* NSManagedObjectContext+MagicalThreading.h */,
				30CABF3A1B79C79C00D8CCFE /* NSManagedObjectContext+MagicalThreading.m */,
				30CABF3B1B79C79C00D8CCFE /* NSManagedObjectModel+MagicalRecord.h */,
				30CABF3C1B79C79C00D8CCFE /* NSManagedObjectModel+MagicalRecord.m */,
				30CABF3D1B79C79C00D8CCFE /* NSNumber+MagicalDataImport.h */,
				30CABF3E1B79C79C00D8CCFE /* NSNumber+MagicalDataImport.m */,
				30CABF3F1B79C79C00D8CCFE /* NSObject+MagicalDataImport.h */,
				30CABF401B79C79C00D8CCFE /* NSObject+MagicalDataImport.m */,
				30CABF411B79C79C00D8CCFE /* NSPersistentStore+MagicalRecord.h */,
				30CABF421B79C79C00D8CCFE /* NSPersistentStore+MagicalRecord.m */,
				30CABF431B79C79C00D8CCFE /* NSPersistentStoreCoordinator+MagicalRecord.h */,
				30CABF441B79C79C00D8CCFE /* NSPersistentStoreCoordinator+MagicalRecord.m */,
				30CABF451B79C79C00D8CCFE /* NSRelationshipDescription+MagicalDataImport.h */,
				30CABF461B79C79C00D8CCFE /* NSRelationshipDescription+MagicalDataImport.m */,
				30CABF471B79C79C00D8CCFE /* NSString+MagicalDataImport.h */,
				30CABF481B79C79C00D8CCFE /* NSString+MagicalDataImport.m */,
			);
			name = MagicalRecord;
			sourceTree = "<group>";
		};
		30D4A41B1B73BA920059F98A /* Model */ = {
			isa = PBXGroup;
			children = (
				30D4A4291B73CE2D0059F98A /* Plan.swift */,
				30E2F9001B72A400002D94A4 /* My_Meds_Plan_Model.xcdatamodeld */,
			);
			name = Model;
			sourceTree = "<group>";
		};
/* End PBXGroup section */

/* Begin PBXNativeTarget section */
		301A4D7D1B3B2315003F972C /* MyMedsPlanForiPhone */ = {
			isa = PBXNativeTarget;
			buildConfigurationList = 301A4DA61B3B2318003F972C /* Build configuration list for PBXNativeTarget "MyMedsPlanForiPhone" */;
			buildPhases = (
				301A4D7A1B3B2315003F972C /* Sources */,
				301A4D7B1B3B2315003F972C /* Frameworks */,
				301A4D7C1B3B2315003F972C /* Resources */,
				30D4A41A1B73B79A0059F98A /* Embed Frameworks */,
			);
			buildRules = (
			);
			dependencies = (
			);
			name = MyMedsPlanForiPhone;
			productName = MyMedsPlanForiPhone;
			productReference = 301A4D7E1B3B2315003F972C /* MyMedsPlanForiPhone.app */;
			productType = "com.apple.product-type.application";
		};
		301A4D911B3B2317003F972C /* MyMedsPlanForiPhoneTests */ = {
			isa = PBXNativeTarget;
			buildConfigurationList = 301A4DA91B3B2318003F972C /* Build configuration list for PBXNativeTarget "MyMedsPlanForiPhoneTests" */;
			buildPhases = (
				301A4D8E1B3B2317003F972C /* Sources */,
				301A4D8F1B3B2317003F972C /* Frameworks */,
				301A4D901B3B2317003F972C /* Resources */,
			);
			buildRules = (
			);
			dependencies = (
				301A4D941B3B2317003F972C /* PBXTargetDependency */,
			);
			name = MyMedsPlanForiPhoneTests;
			productName = MyMedsPlanForiPhoneTests;
			productReference = 301A4D921B3B2317003F972C /* MyMedsPlanForiPhoneTests.xctest */;
			productType = "com.apple.product-type.bundle.unit-test";
		};
		301A4D9C1B3B2318003F972C /* MyMedsPlanForiPhoneUITests */ = {
			isa = PBXNativeTarget;
			buildConfigurationList = 301A4DAC1B3B2318003F972C /* Build configuration list for PBXNativeTarget "MyMedsPlanForiPhoneUITests" */;
			buildPhases = (
				301A4D991B3B2318003F972C /* Sources */,
				301A4D9A1B3B2318003F972C /* Frameworks */,
				301A4D9B1B3B2318003F972C /* Resources */,
			);
			buildRules = (
			);
			dependencies = (
				301A4D9F1B3B2318003F972C /* PBXTargetDependency */,
			);
			name = MyMedsPlanForiPhoneUITests;
			productName = MyMedsPlanForiPhoneUITests;
			productReference = 301A4D9D1B3B2318003F972C /* MyMedsPlanForiPhoneUITests.xctest */;
			productType = "com.apple.product-type.bundle.ui-testing";
		};
/* End PBXNativeTarget section */

/* Begin PBXProject section */
		301A4D761B3B2314003F972C /* Project object */ = {
			isa = PBXProject;
			attributes = {
				LastSwiftUpdateCheck = 0700;
				LastUpgradeCheck = 0700;
				ORGANIZATIONNAME = "Felix Olivares";
				TargetAttributes = {
					301A4D7D1B3B2315003F972C = {
						CreatedOnToolsVersion = 7.0;
						DevelopmentTeam = BN4CS6JZ8K;
					};
					301A4D911B3B2317003F972C = {
						CreatedOnToolsVersion = 7.0;
						TestTargetID = 301A4D7D1B3B2315003F972C;
					};
					301A4D9C1B3B2318003F972C = {
						CreatedOnToolsVersion = 7.0;
						TestTargetID = 301A4D7D1B3B2315003F972C;
					};
				};
			};
			buildConfigurationList = 301A4D791B3B2314003F972C /* Build configuration list for PBXProject "MyMedsPlanForiPhone" */;
			compatibilityVersion = "Xcode 3.2";
			developmentRegion = English;
			hasScannedForEncodings = 0;
			knownRegions = (
				en,
				Base,
			);
			mainGroup = 301A4D751B3B2313003F972C;
			productRefGroup = 301A4D7F1B3B2315003F972C /* Products */;
			projectDirPath = "";
			projectRoot = "";
			targets = (
				301A4D7D1B3B2315003F972C /* MyMedsPlanForiPhone */,
				301A4D911B3B2317003F972C /* MyMedsPlanForiPhoneTests */,
				301A4D9C1B3B2318003F972C /* MyMedsPlanForiPhoneUITests */,
			);
		};
/* End PBXProject section */

/* Begin PBXResourcesBuildPhase section */
		301A4D7C1B3B2315003F972C /* Resources */ = {
			isa = PBXResourcesBuildPhase;
			buildActionMask = 2147483647;
			files = (
				302CA55D1B4D9FD4005F4286 /* PlanTableViewCell.xib in Resources */,
				30CABEB21B79059C00D8CCFE /* FontAwesome.ttf in Resources */,
				301A4D8C1B3B2317003F972C /* LaunchScreen.storyboard in Resources */,
				301A4D891B3B2317003F972C /* Assets.xcassets in Resources */,
				301A4D871B3B2316003F972C /* Main.storyboard in Resources */,
			);
			runOnlyForDeploymentPostprocessing = 0;
		};
		301A4D901B3B2317003F972C /* Resources */ = {
			isa = PBXResourcesBuildPhase;
			buildActionMask = 2147483647;
			files = (
			);
			runOnlyForDeploymentPostprocessing = 0;
		};
		301A4D9B1B3B2318003F972C /* Resources */ = {
			isa = PBXResourcesBuildPhase;
			buildActionMask = 2147483647;
			files = (
			);
			runOnlyForDeploymentPostprocessing = 0;
		};
/* End PBXResourcesBuildPhase section */

/* Begin PBXSourcesBuildPhase section */
		301A4D7A1B3B2315003F972C /* Sources */ = {
			isa = PBXSourcesBuildPhase;
			buildActionMask = 2147483647;
			files = (
				30ABA5151B4ED5F3001B6201 /* File.m in Sources */,
				30CABF601B79C79C00D8CCFE /* NSPersistentStore+MagicalRecord.m in Sources */,
				30CABF4C1B79C79C00D8CCFE /* MagicalRecord+iCloud.m in Sources */,
				30CABF5F1B79C79C00D8CCFE /* NSObject+MagicalDataImport.m in Sources */,
				30CABF5D1B79C79C00D8CCFE /* NSManagedObjectModel+MagicalRecord.m in Sources */,
				30CABF5E1B79C79C00D8CCFE /* NSNumber+MagicalDataImport.m in Sources */,
				30CABF4A1B79C79C00D8CCFE /* MagicalRecord+Actions.m in Sources */,
				308D4BB01B79F870006E9932 /* ActionSheetMultipleStringPicker.m in Sources */,
				30CABF5B1B79C79C00D8CCFE /* NSManagedObjectContext+MagicalSaves.m in Sources */,
				30CABF531B79C79C00D8CCFE /* NSManagedObject+MagicalAggregation.m in Sources */,
				308D4BAF1B79F870006E9932 /* ActionSheetLocalePicker.m in Sources */,
				30087A271B5D81FD00BA6839 /* NSLayoutConstraint+PureLayout.m in Sources */,
				30CABEAF1B79058300D8CCFE /* UIColor+BButton.m in Sources */,
				308D4BAB1B79F870006E9932 /* AbstractActionSheetPicker.m in Sources */,
				30D4A42B1B73CE2D0059F98A /* Plan.swift in Sources */,
				30D4A4271B73CC610059F98A /* AddMedicineViewController.swift in Sources */,
				30CABF4E1B79C79C00D8CCFE /* MagicalRecord+Setup.m in Sources */,
				30CABF4B1B79C79C00D8CCFE /* MagicalRecord+ErrorHandling.m in Sources */,
				308D4BB21B79F870006E9932 /* DistancePickerView.m in Sources */,
				301A4D841B3B2316003F972C /* ViewController.swift in Sources */,
				308D4BAE1B79F870006E9932 /* ActionSheetDistancePicker.m in Sources */,
				30CABF4F1B79C79C00D8CCFE /* MagicalRecord+ShorthandMethods.m in Sources */,
				30CABEAE1B79058300D8CCFE /* NSString+FontAwesome.m in Sources */,
				308D4BB31B79F870006E9932 /* SWActionSheet.m in Sources */,
				30CABF511B79C79C00D8CCFE /* NSAttributeDescription+MagicalDataImport.m in Sources */,
				30ABA5261B4EE750001B6201 /* ZGCountDownTimer.m in Sources */,
				30CABF561B79C79C00D8CCFE /* NSManagedObject+MagicalRecord.m in Sources */,
				30CABF5C1B79C79C00D8CCFE /* NSManagedObjectContext+MagicalThreading.m in Sources */,
				308D4BB11B79F870006E9932 /* ActionSheetStringPicker.m in Sources */,
				30087A251B5D81FD00BA6839 /* ALView+PureLayout.m in Sources */,
				30CABF551B79C79C00D8CCFE /* NSManagedObject+MagicalFinders.m in Sources */,
				30CABF491B79C79C00D8CCFE /* MagicalImportFunctions.m in Sources */,
				308D4BAC1B79F870006E9932 /* ActionSheetCustomPicker.m in Sources */,
				30CABF571B79C79C00D8CCFE /* NSManagedObject+MagicalRequests.m in Sources */,
				30CABF631B79C79C00D8CCFE /* NSString+MagicalDataImport.m in Sources */,
				30A24E831B45B1B9007596FB /* PlanTableViewCell.swift in Sources */,
				30CABF5A1B79C79C00D8CCFE /* NSManagedObjectContext+MagicalRecord.m in Sources */,
				30CABF4D1B79C79C00D8CCFE /* MagicalRecord+Options.m in Sources */,
				301A4D821B3B2316003F972C /* AppDelegate.swift in Sources */,
				30CABF591B79C79C00D8CCFE /* NSManagedObjectContext+MagicalObserving.m in Sources */,
				30087A1A1B5D7E7300BA6839 /* SFlatButton.swift in Sources */,
				30CABEAD1B79058300D8CCFE /* BButton.m in Sources */,
				30CABF621B79C79C00D8CCFE /* NSRelationshipDescription+MagicalDataImport.m in Sources */,
				30CABF581B79C79C00D8CCFE /* NSManagedObjectContext+MagicalChainSave.m in Sources */,
				30CABF501B79C79C00D8CCFE /* MagicalRecordInternal.m in Sources */,
				308D4BAD1B79F870006E9932 /* ActionSheetDatePicker.m in Sources */,
				30CABF521B79C79C00D8CCFE /* NSEntityDescription+MagicalDataImport.m in Sources */,
				30E2F9021B72A400002D94A4 /* My_Meds_Plan_Model.xcdatamodeld in Sources */,
				30CABF541B79C79C00D8CCFE /* NSManagedObject+MagicalDataImport.m in Sources */,
				30CABF611B79C79C00D8CCFE /* NSPersistentStoreCoordinator+MagicalRecord.m in Sources */,
				30087A261B5D81FD00BA6839 /* NSArray+PureLayout.m in Sources */,
				30A24E911B45ED22007596FB /* UIColorExtensions.swift in Sources */,
			);
			runOnlyForDeploymentPostprocessing = 0;
		};
		301A4D8E1B3B2317003F972C /* Sources */ = {
			isa = PBXSourcesBuildPhase;
			buildActionMask = 2147483647;
			files = (
				301A4D971B3B2317003F972C /* MyMedsPlanForiPhoneTests.swift in Sources */,
			);
			runOnlyForDeploymentPostprocessing = 0;
		};
		301A4D991B3B2318003F972C /* Sources */ = {
			isa = PBXSourcesBuildPhase;
			buildActionMask = 2147483647;
			files = (
				301A4DA21B3B2318003F972C /* MyMedsPlanForiPhoneUITests.swift in Sources */,
			);
			runOnlyForDeploymentPostprocessing = 0;
		};
/* End PBXSourcesBuildPhase section */

/* Begin PBXTargetDependency section */
		301A4D941B3B2317003F972C /* PBXTargetDependency */ = {
			isa = PBXTargetDependency;
			target = 301A4D7D1B3B2315003F972C /* MyMedsPlanForiPhone */;
			targetProxy = 301A4D931B3B2317003F972C /* PBXContainerItemProxy */;
		};
		301A4D9F1B3B2318003F972C /* PBXTargetDependency */ = {
			isa = PBXTargetDependency;
			target = 301A4D7D1B3B2315003F972C /* MyMedsPlanForiPhone */;
			targetProxy = 301A4D9E1B3B2318003F972C /* PBXContainerItemProxy */;
		};
/* End PBXTargetDependency section */

/* Begin PBXVariantGroup section */
		301A4D851B3B2316003F972C /* Main.storyboard */ = {
			isa = PBXVariantGroup;
			children = (
				301A4D861B3B2316003F972C /* Base */,
			);
			name = Main.storyboard;
			sourceTree = "<group>";
		};
		301A4D8A1B3B2317003F972C /* LaunchScreen.storyboard */ = {
			isa = PBXVariantGroup;
			children = (
				301A4D8B1B3B2317003F972C /* Base */,
			);
			name = LaunchScreen.storyboard;
			sourceTree = "<group>";
		};
/* End PBXVariantGroup section */

/* Begin XCBuildConfiguration section */
		301A4DA41B3B2318003F972C /* Debug */ = {
			isa = XCBuildConfiguration;
			buildSettings = {
				ALWAYS_SEARCH_USER_PATHS = NO;
				CLANG_CXX_LANGUAGE_STANDARD = "gnu++0x";
				CLANG_CXX_LIBRARY = "libc++";
				CLANG_ENABLE_MODULES = YES;
				CLANG_ENABLE_OBJC_ARC = YES;
				CLANG_WARN_BOOL_CONVERSION = YES;
				CLANG_WARN_CONSTANT_CONVERSION = YES;
				CLANG_WARN_DIRECT_OBJC_ISA_USAGE = YES_ERROR;
				CLANG_WARN_EMPTY_BODY = YES;
				CLANG_WARN_ENUM_CONVERSION = YES;
				CLANG_WARN_INT_CONVERSION = YES;
				CLANG_WARN_OBJC_ROOT_CLASS = YES_ERROR;
				CLANG_WARN_UNREACHABLE_CODE = YES;
				CLANG_WARN__DUPLICATE_METHOD_MATCH = YES;
				CODE_SIGN_IDENTITY = "iPhone Developer: Jesus De Meyer (FA5NCMKJ2Q)";
				"CODE_SIGN_IDENTITY[sdk=iphoneos*]" = "iPhone Developer";
				COPY_PHASE_STRIP = NO;
				DEBUG_INFORMATION_FORMAT = dwarf;
				ENABLE_STRICT_OBJC_MSGSEND = YES;
				ENABLE_TESTABILITY = YES;
				FRAMEWORK_SEARCH_PATHS = "";
				GCC_C_LANGUAGE_STANDARD = gnu99;
				GCC_DYNAMIC_NO_PIC = NO;
				GCC_NO_COMMON_BLOCKS = YES;
				GCC_OPTIMIZATION_LEVEL = 0;
				GCC_PREPROCESSOR_DEFINITIONS = (
					"DEBUG=1",
					"$(inherited)",
				);
				GCC_WARN_64_TO_32_BIT_CONVERSION = YES;
				GCC_WARN_ABOUT_RETURN_TYPE = YES_ERROR;
				GCC_WARN_UNDECLARED_SELECTOR = YES;
				GCC_WARN_UNINITIALIZED_AUTOS = YES_AGGRESSIVE;
				GCC_WARN_UNUSED_FUNCTION = YES;
				GCC_WARN_UNUSED_VARIABLE = YES;
				IPHONEOS_DEPLOYMENT_TARGET = 9.0;
				MTL_ENABLE_DEBUG_INFO = YES;
				ONLY_ACTIVE_ARCH = YES;
				SDKROOT = iphoneos;
				SWIFT_OBJC_BRIDGING_HEADER = "";
				SWIFT_OPTIMIZATION_LEVEL = "-Onone";
			};
			name = Debug;
		};
		301A4DA51B3B2318003F972C /* Release */ = {
			isa = XCBuildConfiguration;
			buildSettings = {
				ALWAYS_SEARCH_USER_PATHS = NO;
				CLANG_CXX_LANGUAGE_STANDARD = "gnu++0x";
				CLANG_CXX_LIBRARY = "libc++";
				CLANG_ENABLE_MODULES = YES;
				CLANG_ENABLE_OBJC_ARC = YES;
				CLANG_WARN_BOOL_CONVERSION = YES;
				CLANG_WARN_CONSTANT_CONVERSION = YES;
				CLANG_WARN_DIRECT_OBJC_ISA_USAGE = YES_ERROR;
				CLANG_WARN_EMPTY_BODY = YES;
				CLANG_WARN_ENUM_CONVERSION = YES;
				CLANG_WARN_INT_CONVERSION = YES;
				CLANG_WARN_OBJC_ROOT_CLASS = YES_ERROR;
				CLANG_WARN_UNREACHABLE_CODE = YES;
				CLANG_WARN__DUPLICATE_METHOD_MATCH = YES;
				CODE_SIGN_IDENTITY = "iPhone Developer: Jesus De Meyer (FA5NCMKJ2Q)";
				"CODE_SIGN_IDENTITY[sdk=iphoneos*]" = "iPhone Developer";
				COPY_PHASE_STRIP = NO;
				DEBUG_INFORMATION_FORMAT = "dwarf-with-dsym";
				ENABLE_NS_ASSERTIONS = NO;
				ENABLE_STRICT_OBJC_MSGSEND = YES;
				FRAMEWORK_SEARCH_PATHS = "";
				GCC_C_LANGUAGE_STANDARD = gnu99;
				GCC_NO_COMMON_BLOCKS = YES;
				GCC_WARN_64_TO_32_BIT_CONVERSION = YES;
				GCC_WARN_ABOUT_RETURN_TYPE = YES_ERROR;
				GCC_WARN_UNDECLARED_SELECTOR = YES;
				GCC_WARN_UNINITIALIZED_AUTOS = YES_AGGRESSIVE;
				GCC_WARN_UNUSED_FUNCTION = YES;
				GCC_WARN_UNUSED_VARIABLE = YES;
				IPHONEOS_DEPLOYMENT_TARGET = 9.0;
				MTL_ENABLE_DEBUG_INFO = NO;
				SDKROOT = iphoneos;
				SWIFT_OBJC_BRIDGING_HEADER = "";
				VALIDATE_PRODUCT = YES;
			};
			name = Release;
		};
		301A4DA71B3B2318003F972C /* Debug */ = {
			isa = XCBuildConfiguration;
			buildSettings = {
				ASSETCATALOG_COMPILER_APPICON_NAME = AppIcon;
				CLANG_ENABLE_MODULES = YES;
				CODE_SIGN_IDENTITY = "iPhone Developer: Jesus De Meyer (FA5NCMKJ2Q)";
				INFOPLIST_FILE = MyMedsPlanForiPhone/Info.plist;
				LD_RUNPATH_SEARCH_PATHS = "$(inherited) @executable_path/Frameworks";
				PRODUCT_BUNDLE_IDENTIFIER = com.foe.MyMedsPlanForiPhone;
				PRODUCT_NAME = "$(TARGET_NAME)";
				SWIFT_OBJC_BRIDGING_HEADER = "MyMedsPlanForiPhone/MyMedsPlanForiPhone-Bridging-Header.h";
				SWIFT_OPTIMIZATION_LEVEL = "-Onone";
			};
			name = Debug;
		};
		301A4DA81B3B2318003F972C /* Release */ = {
			isa = XCBuildConfiguration;
			buildSettings = {
				ASSETCATALOG_COMPILER_APPICON_NAME = AppIcon;
				CLANG_ENABLE_MODULES = YES;
				CODE_SIGN_IDENTITY = "iPhone Developer: Jesus De Meyer (FA5NCMKJ2Q)";
				INFOPLIST_FILE = MyMedsPlanForiPhone/Info.plist;
				LD_RUNPATH_SEARCH_PATHS = "$(inherited) @executable_path/Frameworks";
				PRODUCT_BUNDLE_IDENTIFIER = com.foe.MyMedsPlanForiPhone;
				PRODUCT_NAME = "$(TARGET_NAME)";
				SWIFT_OBJC_BRIDGING_HEADER = "MyMedsPlanForiPhone/MyMedsPlanForiPhone-Bridging-Header.h";
			};
			name = Release;
		};
		301A4DAA1B3B2318003F972C /* Debug */ = {
			isa = XCBuildConfiguration;
			buildSettings = {
				BUNDLE_LOADER = "$(TEST_HOST)";
				INFOPLIST_FILE = MyMedsPlanForiPhoneTests/Info.plist;
				LD_RUNPATH_SEARCH_PATHS = "$(inherited) @executable_path/Frameworks @loader_path/Frameworks";
				PRODUCT_BUNDLE_IDENTIFIER = com.foe.MyMedsPlanForiPhoneTests;
				PRODUCT_NAME = "$(TARGET_NAME)";
				TEST_HOST = "$(BUILT_PRODUCTS_DIR)/MyMedsPlanForiPhone.app/MyMedsPlanForiPhone";
			};
			name = Debug;
		};
		301A4DAB1B3B2318003F972C /* Release */ = {
			isa = XCBuildConfiguration;
			buildSettings = {
				BUNDLE_LOADER = "$(TEST_HOST)";
				INFOPLIST_FILE = MyMedsPlanForiPhoneTests/Info.plist;
				LD_RUNPATH_SEARCH_PATHS = "$(inherited) @executable_path/Frameworks @loader_path/Frameworks";
				PRODUCT_BUNDLE_IDENTIFIER = com.foe.MyMedsPlanForiPhoneTests;
				PRODUCT_NAME = "$(TARGET_NAME)";
				TEST_HOST = "$(BUILT_PRODUCTS_DIR)/MyMedsPlanForiPhone.app/MyMedsPlanForiPhone";
			};
			name = Release;
		};
		301A4DAD1B3B2318003F972C /* Debug */ = {
			isa = XCBuildConfiguration;
			buildSettings = {
				CODE_SIGN_IDENTITY = "";
				INFOPLIST_FILE = MyMedsPlanForiPhoneUITests/Info.plist;
				LD_RUNPATH_SEARCH_PATHS = "$(inherited) @executable_path/Frameworks @loader_path/Frameworks";
				PRODUCT_BUNDLE_IDENTIFIER = com.foe.MyMedsPlanForiPhoneUITests;
				PRODUCT_NAME = "$(TARGET_NAME)";
				TEST_TARGET_NAME = MyMedsPlanForiPhone;
				USES_XCTRUNNER = YES;
			};
			name = Debug;
		};
		301A4DAE1B3B2318003F972C /* Release */ = {
			isa = XCBuildConfiguration;
			buildSettings = {
				CODE_SIGN_IDENTITY = "";
				INFOPLIST_FILE = MyMedsPlanForiPhoneUITests/Info.plist;
				LD_RUNPATH_SEARCH_PATHS = "$(inherited) @executable_path/Frameworks @loader_path/Frameworks";
				PRODUCT_BUNDLE_IDENTIFIER = com.foe.MyMedsPlanForiPhoneUITests;
				PRODUCT_NAME = "$(TARGET_NAME)";
				TEST_TARGET_NAME = MyMedsPlanForiPhone;
				USES_XCTRUNNER = YES;
			};
			name = Release;
		};
/* End XCBuildConfiguration section */

/* Begin XCConfigurationList section */
		301A4D791B3B2314003F972C /* Build configuration list for PBXProject "MyMedsPlanForiPhone" */ = {
			isa = XCConfigurationList;
			buildConfigurations = (
				301A4DA41B3B2318003F972C /* Debug */,
				301A4DA51B3B2318003F972C /* Release */,
			);
			defaultConfigurationIsVisible = 0;
			defaultConfigurationName = Release;
		};
		301A4DA61B3B2318003F972C /* Build configuration list for PBXNativeTarget "MyMedsPlanForiPhone" */ = {
			isa = XCConfigurationList;
			buildConfigurations = (
				301A4DA71B3B2318003F972C /* Debug */,
				301A4DA81B3B2318003F972C /* Release */,
			);
			defaultConfigurationIsVisible = 0;
			defaultConfigurationName = Release;
		};
		301A4DA91B3B2318003F972C /* Build configuration list for PBXNativeTarget "MyMedsPlanForiPhoneTests" */ = {
			isa = XCConfigurationList;
			buildConfigurations = (
				301A4DAA1B3B2318003F972C /* Debug */,
				301A4DAB1B3B2318003F972C /* Release */,
			);
			defaultConfigurationIsVisible = 0;
			defaultConfigurationName = Release;
		};
		301A4DAC1B3B2318003F972C /* Build configuration list for PBXNativeTarget "MyMedsPlanForiPhoneUITests" */ = {
			isa = XCConfigurationList;
			buildConfigurations = (
				301A4DAD1B3B2318003F972C /* Debug */,
				301A4DAE1B3B2318003F972C /* Release */,
			);
			defaultConfigurationIsVisible = 0;
			defaultConfigurationName = Release;
		};
/* End XCConfigurationList section */

/* Begin XCVersionGroup section */
		30E2F9001B72A400002D94A4 /* My_Meds_Plan_Model.xcdatamodeld */ = {
			isa = XCVersionGroup;
			children = (
				30E2F9011B72A400002D94A4 /* My_Meds_Plan_Model.xcdatamodel */,
			);
			currentVersion = 30E2F9011B72A400002D94A4 /* My_Meds_Plan_Model.xcdatamodel */;
			path = My_Meds_Plan_Model.xcdatamodeld;
			sourceTree = "<group>";
			versionGroupType = wrapper.xcdatamodel;
		};
/* End XCVersionGroup section */
	};
	rootObject = 301A4D761B3B2314003F972C /* Project object */;
}
